<?xml version="1.0" encoding="utf-8"?>
<Project ToolsVersion="4.0" xmlns="http://schemas.microsoft.com/developer/msbuild/2003">
  <ItemGroup>
    <Filter Include="Fichiers sources">
      <UniqueIdentifier>{4FC737F1-C7A5-4376-A066-2A32D752A2FF}</UniqueIdentifier>
      <Extensions>cpp;c;cc;cxx;def;odl;idl;hpj;bat;asm;asmx</Extensions>
    </Filter>
    <Filter Include="Fichiers d%27en-tête">
      <UniqueIdentifier>{93995380-89BD-4b04-88EB-625FBE52EBFB}</UniqueIdentifier>
      <Extensions>h;hpp;hxx;hm;inl;inc;xsd</Extensions>
    </Filter>
    <Filter Include="Fichiers de ressources">
      <UniqueIdentifier>{67DA6AB6-F800-4c08-8B7A-83BB121AAD01}</UniqueIdentifier>
      <Extensions>rc;ico;cur;bmp;dlg;rc2;rct;bin;rgs;gif;jpg;jpeg;jpe;resx;tiff;tif;png;wav;mfcribbon-ms</Extensions>
    </Filter>
    <Filter Include="Fichiers d%27en-tête\Objects">
      <UniqueIdentifier>{52a52503-384c-479c-ab7e-e2ea38e3ad48}</UniqueIdentifier>
    </Filter>
    <Filter Include="Fichiers d%27en-tête\Hitboxes">
      <UniqueIdentifier>{15cdbd75-2eda-4715-af5f-fba4766339d0}</UniqueIdentifier>
    </Filter>
    <Filter Include="Fichiers sources\Objects">
      <UniqueIdentifier>{d52e40ca-7a18-40f1-9bbf-4bdeb5799ff6}</UniqueIdentifier>
    </Filter>
    <Filter Include="Fichiers sources\Hitboxes">
      <UniqueIdentifier>{11abe5be-0c1f-4c4b-9fec-2cf6621e941a}</UniqueIdentifier>
    </Filter>
    <Filter Include="Fichiers d%27en-tête\Status">
      <UniqueIdentifier>{231bace7-f33a-4ebd-8f09-1e528e34ef8c}</UniqueIdentifier>
    </Filter>
    <Filter Include="Fichiers d%27en-tête\Objects\Boss">
      <UniqueIdentifier>{9747da6b-a428-49f1-b64c-bacef30f875a}</UniqueIdentifier>
    </Filter>
    <Filter Include="Fichiers sources\Objects\Boss">
      <UniqueIdentifier>{2932450f-8d7c-4787-9f6e-38561c0ecf42}</UniqueIdentifier>
    </Filter>
  </ItemGroup>
  <ItemGroup>
    <ClInclude Include="Game.h">
      <Filter>Fichiers d%27en-tête</Filter>
    </ClInclude>
    <ClInclude Include="Point2.h">
      <Filter>Fichiers d%27en-tête</Filter>
    </ClInclude>
    <ClInclude Include="Room.h">
      <Filter>Fichiers d%27en-tête</Filter>
    </ClInclude>
    <ClInclude Include="TileMap.h">
      <Filter>Fichiers d%27en-tête</Filter>
    </ClInclude>
    <ClInclude Include="Object.h">
      <Filter>Fichiers d%27en-tête\Objects</Filter>
    </ClInclude>
    <ClInclude Include="Character.h">
      <Filter>Fichiers d%27en-tête\Objects</Filter>
    </ClInclude>
    <ClInclude Include="Player.h">
      <Filter>Fichiers d%27en-tête\Objects</Filter>
    </ClInclude>
    <ClInclude Include="Spearman.h">
      <Filter>Fichiers d%27en-tête\Objects</Filter>
    </ClInclude>
    <ClInclude Include="YoungLady.h">
      <Filter>Fichiers d%27en-tête\Objects</Filter>
    </ClInclude>
    <ClInclude Include="Projectile.h">
      <Filter>Fichiers d%27en-tête\Objects</Filter>
    </ClInclude>
    <ClInclude Include="ConvexPolygon.h">
      <Filter>Fichiers d%27en-tête\Hitboxes</Filter>
    </ClInclude>
    <ClInclude Include="Hitbox.h">
      <Filter>Fichiers d%27en-tête\Hitboxes</Filter>
    </ClInclude>
    <ClInclude Include="Still.h">
      <Filter>Fichiers d%27en-tête\Objects</Filter>
    </ClInclude>
    <ClInclude Include="SquareHitbox.h">
      <Filter>Fichiers d%27en-tête\Hitboxes</Filter>
    </ClInclude>
    <ClInclude Include="Peon.h">
      <Filter>Fichiers d%27en-tête\Objects</Filter>
    </ClInclude>
    <ClInclude Include="Button.h">
      <Filter>Fichiers d%27en-tête</Filter>
    </ClInclude>
    <ClInclude Include="BasicButton.h">
      <Filter>Fichiers d%27en-tête</Filter>
    </ClInclude>
    <ClInclude Include="Status.h">
      <Filter>Fichiers d%27en-tête\Status</Filter>
    </ClInclude>
    <ClInclude Include="CurseOfFire.h">
      <Filter>Fichiers d%27en-tête\Status</Filter>
    </ClInclude>
    <ClInclude Include="HeartFireBall.h">
      <Filter>Fichiers d%27en-tête\Objects\Boss</Filter>
    </ClInclude>
    <ClInclude Include="FireSpirit.h">
      <Filter>Fichiers d%27en-tête\Objects\Boss</Filter>
    </ClInclude>
    <ClInclude Include="HeartOfFire.h">
      <Filter>Fichiers d%27en-tête\Objects\Boss</Filter>
    </ClInclude>
  </ItemGroup>
  <ItemGroup>
    <ClCompile Include="Game.cpp">
      <Filter>Fichiers sources</Filter>
    </ClCompile>
    <ClCompile Include="main.cpp">
      <Filter>Fichiers sources</Filter>
    </ClCompile>
    <ClCompile Include="Room.cpp">
      <Filter>Fichiers sources</Filter>
    </ClCompile>
    <ClCompile Include="TileMap.cpp">
      <Filter>Fichiers sources</Filter>
    </ClCompile>
    <ClCompile Include="Character.cpp">
      <Filter>Fichiers sources\Objects</Filter>
    </ClCompile>
    <ClCompile Include="Player.cpp">
      <Filter>Fichiers sources\Objects</Filter>
    </ClCompile>
    <ClCompile Include="Spearman.cpp">
      <Filter>Fichiers sources\Objects</Filter>
    </ClCompile>
    <ClCompile Include="YoungLady.cpp">
      <Filter>Fichiers sources\Objects</Filter>
    </ClCompile>
    <ClCompile Include="Object.cpp">
      <Filter>Fichiers sources\Objects</Filter>
    </ClCompile>
    <ClCompile Include="Still.cpp">
      <Filter>Fichiers sources\Objects</Filter>
    </ClCompile>
    <ClCompile Include="Projectile.cpp">
      <Filter>Fichiers sources\Objects</Filter>
    </ClCompile>
    <ClCompile Include="ConvexPolygon.cpp">
      <Filter>Fichiers sources\Hitboxes</Filter>
    </ClCompile>
    <ClCompile Include="SquareHitbox.cpp">
      <Filter>Fichiers sources\Hitboxes</Filter>
    </ClCompile>
    <ClCompile Include="Peon.cpp">
      <Filter>Fichiers sources\Objects</Filter>
    </ClCompile>
    <ClCompile Include="Button.cpp">
      <Filter>Fichiers sources</Filter>
    </ClCompile>
    <ClCompile Include="BasicButton.cpp">
      <Filter>Fichiers sources</Filter>
    </ClCompile>
    <ClCompile Include="FireSpirit.cpp">
      <Filter>Fichiers sources\Objects\Boss</Filter>
    </ClCompile>
    <ClCompile Include="HeartOfFire.cpp">
      <Filter>Fichiers sources\Objects\Boss</Filter>
    </ClCompile>
    <ClCompile Include="HeartFireBall.cpp">
      <Filter>Fichiers sources\Objects\Boss</Filter>
    </ClCompile>
  </ItemGroup>
</Project>